
Microsoft Visual Studio Solution File, Format Version 12.00
# Visual Studio Version 17
VisualStudioVersion = 17.3.32922.545
MinimumVisualStudioVersion = 10.0.40219.1
Project("{FAE04EC0-301F-11D3-BF4B-00C04F79EFBC}") = "Stud", "Stud\Stud.csproj", "{BFA490E3-1FBA-456A-B56C-DBB8B5816855}"
EndProject
Global
	GlobalSection(SolutionConfigurationPlatforms) = preSolution
		Debug|Any CPU = Debug|Any CPU
		Release|Any CPU = Release|Any CPU
	EndGlobalSection
	GlobalSection(ProjectConfigurationPlatforms) = postSolution
		{BFA490E3-1FBA-456A-B56C-DBB8B5816855}.Debug|Any CPU.ActiveCfg = Debug|Any CPU
		{BFA490E3-1FBA-456A-B56C-DBB8B5816855}.Debug|Any CPU.Build.0 = Debug|Any CPU
		{BFA490E3-1FBA-456A-B56C-DBB8B5816855}.Release|Any CPU.ActiveCfg = Release|Any CPU
		{BFA490E3-1FBA-456A-B56C-DBB8B5816855}.Release|Any CPU.Build.0 = Release|Any CPU
	EndGlobalSection
	GlobalSection(SolutionProperties) = preSolution
		HideSolutionNode = FALSE
	EndGlobalSection
	GlobalSection(ExtensibilityGlobals) = postSolution
		SolutionGuid = {CE55B015-323A-4AD0-B7CB-9D8C8605ED76}
	EndGlobalSection
EndGlobal
